
Microsoft Visual Studio Solution File, Format Version 12.00
# Visual Studio Version 16
VisualStudioVersion = 16.0.30225.117
MinimumVisualStudioVersion = 10.0.40219.1
Project("{D954291E-2A0B-460D-934E-DC6B0785DB48}") = "TsubameViewer.Shared", "TsubameViewer\TsubameViewer.Shared\TsubameViewer.Shared.shproj", "{6279C845-92F8-4333-AB99-3D213163593C}"
EndProject
Project("{FAE04EC0-301F-11D3-BF4B-00C04F79EFBC}") = "TsubameViewer.Droid", "TsubameViewer\TsubameViewer.Droid\TsubameViewer.Droid.csproj", "{0DB0C17C-85D8-4BD2-9518-954EADA46E99}"
EndProject
Project("{FAE04EC0-301F-11D3-BF4B-00C04F79EFBC}") = "TsubameViewer.iOS", "TsubameViewer\TsubameViewer.iOS\TsubameViewer.iOS.csproj", "{71D85E9D-DF7E-4E4A-A6CD-D57923F26986}"
EndProject
Project("{FAE04EC0-301F-11D3-BF4B-00C04F79EFBC}") = "TsubameViewer.UWP", "TsubameViewer\TsubameViewer.UWP\TsubameViewer.UWP.csproj", "{226A0938-D2A4-47E3-A3B9-6A820081CE68}"
EndProject
Project("{FAE04EC0-301F-11D3-BF4B-00C04F79EFBC}") = "TsubameViewer.Wasm", "TsubameViewer\TsubameViewer.Wasm\TsubameViewer.Wasm.csproj", "{7B633C19-C9C6-4BCA-B0EB-D5C0899AB46D}"
EndProject
Project("{FAE04EC0-301F-11D3-BF4B-00C04F79EFBC}") = "TsubameViewer.macOS", "TsubameViewer\TsubameViewer.macOS\TsubameViewer.macOS.csproj", "{81223A95-4224-42A3-B90A-5D58F3A0B51B}"
EndProject
Global
	GlobalSection(SharedMSBuildProjectFiles) = preSolution
		TsubameViewer\TsubameViewer.Shared\TsubameViewer.Shared.projitems*{0db0c17c-85d8-4bd2-9518-954eada46e99}*SharedItemsImports = 4
		TsubameViewer\TsubameViewer.Shared\TsubameViewer.Shared.projitems*{226a0938-d2a4-47e3-a3b9-6a820081ce68}*SharedItemsImports = 4
		TsubameViewer\TsubameViewer.Shared\TsubameViewer.Shared.projitems*{6279c845-92f8-4333-ab99-3d213163593c}*SharedItemsImports = 13
		TsubameViewer\TsubameViewer.Shared\TsubameViewer.Shared.projitems*{71d85e9d-df7e-4e4a-a6cd-d57923f26986}*SharedItemsImports = 4
		TsubameViewer\TsubameViewer.Shared\TsubameViewer.Shared.projitems*{7b633c19-c9c6-4bca-b0eb-d5c0899ab46d}*SharedItemsImports = 5
		TsubameViewer\TsubameViewer.Shared\TsubameViewer.Shared.projitems*{81223a95-4224-42a3-b90a-5d58f3a0b51b}*SharedItemsImports = 4
	EndGlobalSection
	GlobalSection(SolutionConfigurationPlatforms) = preSolution
		Ad-Hoc|Any CPU = Ad-Hoc|Any CPU
		Ad-Hoc|ARM = Ad-Hoc|ARM
		Ad-Hoc|ARM64 = Ad-Hoc|ARM64
		Ad-Hoc|iPhone = Ad-Hoc|iPhone
		Ad-Hoc|iPhoneSimulator = Ad-Hoc|iPhoneSimulator
		Ad-Hoc|x64 = Ad-Hoc|x64
		Ad-Hoc|x86 = Ad-Hoc|x86
		AppStore|Any CPU = AppStore|Any CPU
		AppStore|ARM = AppStore|ARM
		AppStore|ARM64 = AppStore|ARM64
		AppStore|iPhone = AppStore|iPhone
		AppStore|iPhoneSimulator = AppStore|iPhoneSimulator
		AppStore|x64 = AppStore|x64
		AppStore|x86 = AppStore|x86
		Debug|Any CPU = Debug|Any CPU
		Debug|ARM = Debug|ARM
		Debug|ARM64 = Debug|ARM64
		Debug|iPhone = Debug|iPhone
		Debug|iPhoneSimulator = Debug|iPhoneSimulator
		Debug|x64 = Debug|x64
		Debug|x86 = Debug|x86
		Release|Any CPU = Release|Any CPU
		Release|ARM = Release|ARM
		Release|ARM64 = Release|ARM64
		Release|iPhone = Release|iPhone
		Release|iPhoneSimulator = Release|iPhoneSimulator
		Release|x64 = Release|x64
		Release|x86 = Release|x86
	EndGlobalSection
	GlobalSection(ProjectConfigurationPlatforms) = postSolution
		{0DB0C17C-85D8-4BD2-9518-954EADA46E99}.Ad-Hoc|Any CPU.ActiveCfg = Release|Any CPU
		{0DB0C17C-85D8-4BD2-9518-954EADA46E99}.Ad-Hoc|Any CPU.Build.0 = Release|Any CPU
		{0DB0C17C-85D8-4BD2-9518-954EADA46E99}.Ad-Hoc|Any CPU.Deploy.0 = Release|Any CPU
		{0DB0C17C-85D8-4BD2-9518-954EADA46E99}.Ad-Hoc|ARM.ActiveCfg = Release|Any CPU
		{0DB0C17C-85D8-4BD2-9518-954EADA46E99}.Ad-Hoc|ARM.Build.0 = Release|Any CPU
		{0DB0C17C-85D8-4BD2-9518-954EADA46E99}.Ad-Hoc|ARM.Deploy.0 = Release|Any CPU
		{0DB0C17C-85D8-4BD2-9518-954EADA46E99}.Ad-Hoc|ARM64.ActiveCfg = Release|Any CPU
		{0DB0C17C-85D8-4BD2-9518-954EADA46E99}.Ad-Hoc|ARM64.Build.0 = Release|Any CPU
		{0DB0C17C-85D8-4BD2-9518-954EADA46E99}.Ad-Hoc|ARM64.Deploy.0 = Release|Any CPU
		{0DB0C17C-85D8-4BD2-9518-954EADA46E99}.Ad-Hoc|iPhone.ActiveCfg = Release|Any CPU
		{0DB0C17C-85D8-4BD2-9518-954EADA46E99}.Ad-Hoc|iPhone.Build.0 = Release|Any CPU
		{0DB0C17C-85D8-4BD2-9518-954EADA46E99}.Ad-Hoc|iPhone.Deploy.0 = Release|Any CPU
		{0DB0C17C-85D8-4BD2-9518-954EADA46E99}.Ad-Hoc|iPhoneSimulator.ActiveCfg = Release|Any CPU
		{0DB0C17C-85D8-4BD2-9518-954EADA46E99}.Ad-Hoc|iPhoneSimulator.Build.0 = Release|Any CPU
		{0DB0C17C-85D8-4BD2-9518-954EADA46E99}.Ad-Hoc|iPhoneSimulator.Deploy.0 = Release|Any CPU
		{0DB0C17C-85D8-4BD2-9518-954EADA46E99}.Ad-Hoc|x64.ActiveCfg = Release|Any CPU
		{0DB0C17C-85D8-4BD2-9518-954EADA46E99}.Ad-Hoc|x64.Build.0 = Release|Any CPU
		{0DB0C17C-85D8-4BD2-9518-954EADA46E99}.Ad-Hoc|x64.Deploy.0 = Release|Any CPU
		{0DB0C17C-85D8-4BD2-9518-954EADA46E99}.Ad-Hoc|x86.ActiveCfg = Release|Any CPU
		{0DB0C17C-85D8-4BD2-9518-954EADA46E99}.Ad-Hoc|x86.Build.0 = Release|Any CPU
		{0DB0C17C-85D8-4BD2-9518-954EADA46E99}.Ad-Hoc|x86.Deploy.0 = Release|Any CPU
		{0DB0C17C-85D8-4BD2-9518-954EADA46E99}.AppStore|Any CPU.ActiveCfg = Release|Any CPU
		{0DB0C17C-85D8-4BD2-9518-954EADA46E99}.AppStore|Any CPU.Build.0 = Release|Any CPU
		{0DB0C17C-85D8-4BD2-9518-954EADA46E99}.AppStore|Any CPU.Deploy.0 = Release|Any CPU
		{0DB0C17C-85D8-4BD2-9518-954EADA46E99}.AppStore|ARM.ActiveCfg = Release|Any CPU
		{0DB0C17C-85D8-4BD2-9518-954EADA46E99}.AppStore|ARM.Build.0 = Release|Any CPU
		{0DB0C17C-85D8-4BD2-9518-954EADA46E99}.AppStore|ARM.Deploy.0 = Release|Any CPU
		{0DB0C17C-85D8-4BD2-9518-954EADA46E99}.AppStore|ARM64.ActiveCfg = Release|Any CPU
		{0DB0C17C-85D8-4BD2-9518-954EADA46E99}.AppStore|ARM64.Build.0 = Release|Any CPU
		{0DB0C17C-85D8-4BD2-9518-954EADA46E99}.AppStore|ARM64.Deploy.0 = Release|Any CPU
		{0DB0C17C-85D8-4BD2-9518-954EADA46E99}.AppStore|iPhone.ActiveCfg = Release|Any CPU
		{0DB0C17C-85D8-4BD2-9518-954EADA46E99}.AppStore|iPhone.Build.0 = Release|Any CPU
		{0DB0C17C-85D8-4BD2-9518-954EADA46E99}.AppStore|iPhone.Deploy.0 = Release|Any CPU
		{0DB0C17C-85D8-4BD2-9518-954EADA46E99}.AppStore|iPhoneSimulator.ActiveCfg = Release|Any CPU
		{0DB0C17C-85D8-4BD2-9518-954EADA46E99}.AppStore|iPhoneSimulator.Build.0 = Release|Any CPU
		{0DB0C17C-85D8-4BD2-9518-954EADA46E99}.AppStore|iPhoneSimulator.Deploy.0 = Release|Any CPU
		{0DB0C17C-85D8-4BD2-9518-954EADA46E99}.AppStore|x64.ActiveCfg = Release|Any CPU
		{0DB0C17C-85D8-4BD2-9518-954EADA46E99}.AppStore|x64.Build.0 = Release|Any CPU
		{0DB0C17C-85D8-4BD2-9518-954EADA46E99}.AppStore|x64.Deploy.0 = Release|Any CPU
		{0DB0C17C-85D8-4BD2-9518-954EADA46E99}.AppStore|x86.ActiveCfg = Release|Any CPU
		{0DB0C17C-85D8-4BD2-9518-954EADA46E99}.AppStore|x86.Build.0 = Release|Any CPU
		{0DB0C17C-85D8-4BD2-9518-954EADA46E99}.AppStore|x86.Deploy.0 = Release|Any CPU
		{0DB0C17C-85D8-4BD2-9518-954EADA46E99}.Debug|Any CPU.ActiveCfg = Debug|Any CPU
		{0DB0C17C-85D8-4BD2-9518-954EADA46E99}.Debug|Any CPU.Build.0 = Debug|Any CPU
		{0DB0C17C-85D8-4BD2-9518-954EADA46E99}.Debug|Any CPU.Deploy.0 = Debug|Any CPU
		{0DB0C17C-85D8-4BD2-9518-954EADA46E99}.Debug|ARM.ActiveCfg = Debug|Any CPU
		{0DB0C17C-85D8-4BD2-9518-954EADA46E99}.Debug|ARM.Build.0 = Debug|Any CPU
		{0DB0C17C-85D8-4BD2-9518-954EADA46E99}.Debug|ARM.Deploy.0 = Debug|Any CPU
		{0DB0C17C-85D8-4BD2-9518-954EADA46E99}.Debug|ARM64.ActiveCfg = Debug|Any CPU
		{0DB0C17C-85D8-4BD2-9518-954EADA46E99}.Debug|ARM64.Build.0 = Debug|Any CPU
		{0DB0C17C-85D8-4BD2-9518-954EADA46E99}.Debug|ARM64.Deploy.0 = Debug|Any CPU
		{0DB0C17C-85D8-4BD2-9518-954EADA46E99}.Debug|iPhone.ActiveCfg = Debug|Any CPU
		{0DB0C17C-85D8-4BD2-9518-954EADA46E99}.Debug|iPhone.Build.0 = Debug|Any CPU
		{0DB0C17C-85D8-4BD2-9518-954EADA46E99}.Debug|iPhone.Deploy.0 = Debug|Any CPU
		{0DB0C17C-85D8-4BD2-9518-954EADA46E99}.Debug|iPhoneSimulator.ActiveCfg = Debug|Any CPU
		{0DB0C17C-85D8-4BD2-9518-954EADA46E99}.Debug|iPhoneSimulator.Build.0 = Debug|Any CPU
		{0DB0C17C-85D8-4BD2-9518-954EADA46E99}.Debug|iPhoneSimulator.Deploy.0 = Debug|Any CPU
		{0DB0C17C-85D8-4BD2-9518-954EADA46E99}.Debug|x64.ActiveCfg = Debug|Any CPU
		{0DB0C17C-85D8-4BD2-9518-954EADA46E99}.Debug|x64.Build.0 = Debug|Any CPU
		{0DB0C17C-85D8-4BD2-9518-954EADA46E99}.Debug|x64.Deploy.0 = Debug|Any CPU
		{0DB0C17C-85D8-4BD2-9518-954EADA46E99}.Debug|x86.ActiveCfg = Debug|Any CPU
		{0DB0C17C-85D8-4BD2-9518-954EADA46E99}.Debug|x86.Build.0 = Debug|Any CPU
		{0DB0C17C-85D8-4BD2-9518-954EADA46E99}.Debug|x86.Deploy.0 = Debug|Any CPU
		{0DB0C17C-85D8-4BD2-9518-954EADA46E99}.Release|Any CPU.ActiveCfg = Release|Any CPU
		{0DB0C17C-85D8-4BD2-9518-954EADA46E99}.Release|Any CPU.Build.0 = Release|Any CPU
		{0DB0C17C-85D8-4BD2-9518-954EADA46E99}.Release|Any CPU.Deploy.0 = Release|Any CPU
		{0DB0C17C-85D8-4BD2-9518-954EADA46E99}.Release|ARM.ActiveCfg = Release|Any CPU
		{0DB0C17C-85D8-4BD2-9518-954EADA46E99}.Release|ARM.Build.0 = Release|Any CPU
		{0DB0C17C-85D8-4BD2-9518-954EADA46E99}.Release|ARM.Deploy.0 = Release|Any CPU
		{0DB0C17C-85D8-4BD2-9518-954EADA46E99}.Release|ARM64.ActiveCfg = Release|Any CPU
		{0DB0C17C-85D8-4BD2-9518-954EADA46E99}.Release|ARM64.Build.0 = Release|Any CPU
		{0DB0C17C-85D8-4BD2-9518-954EADA46E99}.Release|ARM64.Deploy.0 = Release|Any CPU
		{0DB0C17C-85D8-4BD2-9518-954EADA46E99}.Release|iPhone.ActiveCfg = Release|Any CPU
		{0DB0C17C-85D8-4BD2-9518-954EADA46E99}.Release|iPhone.Build.0 = Release|Any CPU
		{0DB0C17C-85D8-4BD2-9518-954EADA46E99}.Release|iPhone.Deploy.0 = Release|Any CPU
		{0DB0C17C-85D8-4BD2-9518-954EADA46E99}.Release|iPhoneSimulator.ActiveCfg = Release|Any CPU
		{0DB0C17C-85D8-4BD2-9518-954EADA46E99}.Release|iPhoneSimulator.Build.0 = Release|Any CPU
		{0DB0C17C-85D8-4BD2-9518-954EADA46E99}.Release|iPhoneSimulator.Deploy.0 = Release|Any CPU
		{0DB0C17C-85D8-4BD2-9518-954EADA46E99}.Release|x64.ActiveCfg = Release|Any CPU
		{0DB0C17C-85D8-4BD2-9518-954EADA46E99}.Release|x64.Build.0 = Release|Any CPU
		{0DB0C17C-85D8-4BD2-9518-954EADA46E99}.Release|x64.Deploy.0 = Release|Any CPU
		{0DB0C17C-85D8-4BD2-9518-954EADA46E99}.Release|x86.ActiveCfg = Release|Any CPU
		{0DB0C17C-85D8-4BD2-9518-954EADA46E99}.Release|x86.Build.0 = Release|Any CPU
		{0DB0C17C-85D8-4BD2-9518-954EADA46E99}.Release|x86.Deploy.0 = Release|Any CPU
		{71D85E9D-DF7E-4E4A-A6CD-D57923F26986}.Ad-Hoc|Any CPU.ActiveCfg = Ad-Hoc|iPhone
		{71D85E9D-DF7E-4E4A-A6CD-D57923F26986}.Ad-Hoc|ARM.ActiveCfg = Ad-Hoc|iPhone
		{71D85E9D-DF7E-4E4A-A6CD-D57923F26986}.Ad-Hoc|ARM64.ActiveCfg = Ad-Hoc|iPhone
		{71D85E9D-DF7E-4E4A-A6CD-D57923F26986}.Ad-Hoc|iPhone.ActiveCfg = Ad-Hoc|iPhone
		{71D85E9D-DF7E-4E4A-A6CD-D57923F26986}.Ad-Hoc|iPhone.Build.0 = Ad-Hoc|iPhone
		{71D85E9D-DF7E-4E4A-A6CD-D57923F26986}.Ad-Hoc|iPhoneSimulator.ActiveCfg = Ad-Hoc|iPhoneSimulator
		{71D85E9D-DF7E-4E4A-A6CD-D57923F26986}.Ad-Hoc|iPhoneSimulator.Build.0 = Ad-Hoc|iPhoneSimulator
		{71D85E9D-DF7E-4E4A-A6CD-D57923F26986}.Ad-Hoc|x64.ActiveCfg = Ad-Hoc|iPhone
		{71D85E9D-DF7E-4E4A-A6CD-D57923F26986}.Ad-Hoc|x86.ActiveCfg = Ad-Hoc|iPhone
		{71D85E9D-DF7E-4E4A-A6CD-D57923F26986}.AppStore|Any CPU.ActiveCfg = AppStore|iPhone
		{71D85E9D-DF7E-4E4A-A6CD-D57923F26986}.AppStore|ARM.ActiveCfg = AppStore|iPhone
		{71D85E9D-DF7E-4E4A-A6CD-D57923F26986}.AppStore|ARM64.ActiveCfg = AppStore|iPhone
		{71D85E9D-DF7E-4E4A-A6CD-D57923F26986}.AppStore|iPhone.ActiveCfg = AppStore|iPhone
		{71D85E9D-DF7E-4E4A-A6CD-D57923F26986}.AppStore|iPhone.Build.0 = AppStore|iPhone
		{71D85E9D-DF7E-4E4A-A6CD-D57923F26986}.AppStore|iPhoneSimulator.ActiveCfg = AppStore|iPhoneSimulator
		{71D85E9D-DF7E-4E4A-A6CD-D57923F26986}.AppStore|iPhoneSimulator.Build.0 = AppStore|iPhoneSimulator
		{71D85E9D-DF7E-4E4A-A6CD-D57923F26986}.AppStore|x64.ActiveCfg = AppStore|iPhone
		{71D85E9D-DF7E-4E4A-A6CD-D57923F26986}.AppStore|x86.ActiveCfg = AppStore|iPhone
		{71D85E9D-DF7E-4E4A-A6CD-D57923F26986}.Debug|Any CPU.ActiveCfg = Debug|iPhone
		{71D85E9D-DF7E-4E4A-A6CD-D57923F26986}.Debug|ARM.ActiveCfg = Debug|iPhone
		{71D85E9D-DF7E-4E4A-A6CD-D57923F26986}.Debug|ARM64.ActiveCfg = Debug|iPhone
		{71D85E9D-DF7E-4E4A-A6CD-D57923F26986}.Debug|iPhone.ActiveCfg = Debug|iPhone
		{71D85E9D-DF7E-4E4A-A6CD-D57923F26986}.Debug|iPhone.Build.0 = Debug|iPhone
		{71D85E9D-DF7E-4E4A-A6CD-D57923F26986}.Debug|iPhoneSimulator.ActiveCfg = Debug|iPhoneSimulator
		{71D85E9D-DF7E-4E4A-A6CD-D57923F26986}.Debug|iPhoneSimulator.Build.0 = Debug|iPhoneSimulator
		{71D85E9D-DF7E-4E4A-A6CD-D57923F26986}.Debug|x64.ActiveCfg = Debug|iPhone
		{71D85E9D-DF7E-4E4A-A6CD-D57923F26986}.Debug|x86.ActiveCfg = Debug|iPhone
		{71D85E9D-DF7E-4E4A-A6CD-D57923F26986}.Release|Any CPU.ActiveCfg = Release|iPhone
		{71D85E9D-DF7E-4E4A-A6CD-D57923F26986}.Release|ARM.ActiveCfg = Release|iPhone
		{71D85E9D-DF7E-4E4A-A6CD-D57923F26986}.Release|ARM64.ActiveCfg = Release|iPhone
		{71D85E9D-DF7E-4E4A-A6CD-D57923F26986}.Release|iPhone.ActiveCfg = Release|iPhone
		{71D85E9D-DF7E-4E4A-A6CD-D57923F26986}.Release|iPhone.Build.0 = Release|iPhone
		{71D85E9D-DF7E-4E4A-A6CD-D57923F26986}.Release|iPhoneSimulator.ActiveCfg = Release|iPhoneSimulator
		{71D85E9D-DF7E-4E4A-A6CD-D57923F26986}.Release|iPhoneSimulator.Build.0 = Release|iPhoneSimulator
		{71D85E9D-DF7E-4E4A-A6CD-D57923F26986}.Release|x64.ActiveCfg = Release|iPhone
		{71D85E9D-DF7E-4E4A-A6CD-D57923F26986}.Release|x86.ActiveCfg = Release|iPhone
		{226A0938-D2A4-47E3-A3B9-6A820081CE68}.Ad-Hoc|Any CPU.ActiveCfg = Release|x64
		{226A0938-D2A4-47E3-A3B9-6A820081CE68}.Ad-Hoc|Any CPU.Build.0 = Release|x64
		{226A0938-D2A4-47E3-A3B9-6A820081CE68}.Ad-Hoc|Any CPU.Deploy.0 = Release|x64
		{226A0938-D2A4-47E3-A3B9-6A820081CE68}.Ad-Hoc|ARM.ActiveCfg = Release|ARM
		{226A0938-D2A4-47E3-A3B9-6A820081CE68}.Ad-Hoc|ARM.Build.0 = Release|ARM
		{226A0938-D2A4-47E3-A3B9-6A820081CE68}.Ad-Hoc|ARM.Deploy.0 = Release|ARM
		{226A0938-D2A4-47E3-A3B9-6A820081CE68}.Ad-Hoc|ARM64.ActiveCfg = Release|ARM64
		{226A0938-D2A4-47E3-A3B9-6A820081CE68}.Ad-Hoc|ARM64.Build.0 = Release|ARM64
		{226A0938-D2A4-47E3-A3B9-6A820081CE68}.Ad-Hoc|ARM64.Deploy.0 = Release|ARM64
		{226A0938-D2A4-47E3-A3B9-6A820081CE68}.Ad-Hoc|iPhone.ActiveCfg = Release|x64
		{226A0938-D2A4-47E3-A3B9-6A820081CE68}.Ad-Hoc|iPhone.Build.0 = Release|x64
		{226A0938-D2A4-47E3-A3B9-6A820081CE68}.Ad-Hoc|iPhone.Deploy.0 = Release|x64
		{226A0938-D2A4-47E3-A3B9-6A820081CE68}.Ad-Hoc|iPhoneSimulator.ActiveCfg = Release|x64
		{226A0938-D2A4-47E3-A3B9-6A820081CE68}.Ad-Hoc|iPhoneSimulator.Build.0 = Release|x64
		{226A0938-D2A4-47E3-A3B9-6A820081CE68}.Ad-Hoc|iPhoneSimulator.Deploy.0 = Release|x64
		{226A0938-D2A4-47E3-A3B9-6A820081CE68}.Ad-Hoc|x64.ActiveCfg = Release|x64
		{226A0938-D2A4-47E3-A3B9-6A820081CE68}.Ad-Hoc|x64.Build.0 = Release|x64
		{226A0938-D2A4-47E3-A3B9-6A820081CE68}.Ad-Hoc|x64.Deploy.0 = Release|x64
		{226A0938-D2A4-47E3-A3B9-6A820081CE68}.Ad-Hoc|x86.ActiveCfg = Release|x86
		{226A0938-D2A4-47E3-A3B9-6A820081CE68}.Ad-Hoc|x86.Build.0 = Release|x86
		{226A0938-D2A4-47E3-A3B9-6A820081CE68}.Ad-Hoc|x86.Deploy.0 = Release|x86
		{226A0938-D2A4-47E3-A3B9-6A820081CE68}.AppStore|Any CPU.ActiveCfg = Release|x64
		{226A0938-D2A4-47E3-A3B9-6A820081CE68}.AppStore|Any CPU.Build.0 = Release|x64
		{226A0938-D2A4-47E3-A3B9-6A820081CE68}.AppStore|Any CPU.Deploy.0 = Release|x64
		{226A0938-D2A4-47E3-A3B9-6A820081CE68}.AppStore|ARM.ActiveCfg = Release|ARM
		{226A0938-D2A4-47E3-A3B9-6A820081CE68}.AppStore|ARM.Build.0 = Release|ARM
		{226A0938-D2A4-47E3-A3B9-6A820081CE68}.AppStore|ARM.Deploy.0 = Release|ARM
		{226A0938-D2A4-47E3-A3B9-6A820081CE68}.AppStore|ARM64.ActiveCfg = Release|ARM64
		{226A0938-D2A4-47E3-A3B9-6A820081CE68}.AppStore|ARM64.Build.0 = Release|ARM64
		{226A0938-D2A4-47E3-A3B9-6A820081CE68}.AppStore|ARM64.Deploy.0 = Release|ARM64
		{226A0938-D2A4-47E3-A3B9-6A820081CE68}.AppStore|iPhone.ActiveCfg = Release|x64
		{226A0938-D2A4-47E3-A3B9-6A820081CE68}.AppStore|iPhone.Build.0 = Release|x64
		{226A0938-D2A4-47E3-A3B9-6A820081CE68}.AppStore|iPhone.Deploy.0 = Release|x64
		{226A0938-D2A4-47E3-A3B9-6A820081CE68}.AppStore|iPhoneSimulator.ActiveCfg = Release|x64
		{226A0938-D2A4-47E3-A3B9-6A820081CE68}.AppStore|iPhoneSimulator.Build.0 = Release|x64
		{226A0938-D2A4-47E3-A3B9-6A820081CE68}.AppStore|iPhoneSimulator.Deploy.0 = Release|x64
		{226A0938-D2A4-47E3-A3B9-6A820081CE68}.AppStore|x64.ActiveCfg = Release|x64
		{226A0938-D2A4-47E3-A3B9-6A820081CE68}.AppStore|x64.Build.0 = Release|x64
		{226A0938-D2A4-47E3-A3B9-6A820081CE68}.AppStore|x64.Deploy.0 = Release|x64
		{226A0938-D2A4-47E3-A3B9-6A820081CE68}.AppStore|x86.ActiveCfg = Release|x86
		{226A0938-D2A4-47E3-A3B9-6A820081CE68}.AppStore|x86.Build.0 = Release|x86
		{226A0938-D2A4-47E3-A3B9-6A820081CE68}.AppStore|x86.Deploy.0 = Release|x86
		{226A0938-D2A4-47E3-A3B9-6A820081CE68}.Debug|Any CPU.ActiveCfg = Debug|x86
		{226A0938-D2A4-47E3-A3B9-6A820081CE68}.Debug|ARM.ActiveCfg = Debug|ARM
		{226A0938-D2A4-47E3-A3B9-6A820081CE68}.Debug|ARM.Build.0 = Debug|ARM
		{226A0938-D2A4-47E3-A3B9-6A820081CE68}.Debug|ARM.Deploy.0 = Debug|ARM
		{226A0938-D2A4-47E3-A3B9-6A820081CE68}.Debug|ARM64.ActiveCfg = Debug|ARM64
		{226A0938-D2A4-47E3-A3B9-6A820081CE68}.Debug|ARM64.Build.0 = Debug|ARM64
		{226A0938-D2A4-47E3-A3B9-6A820081CE68}.Debug|ARM64.Deploy.0 = Debug|ARM64
		{226A0938-D2A4-47E3-A3B9-6A820081CE68}.Debug|iPhone.ActiveCfg = Debug|x86
		{226A0938-D2A4-47E3-A3B9-6A820081CE68}.Debug|iPhoneSimulator.ActiveCfg = Debug|x86
		{226A0938-D2A4-47E3-A3B9-6A820081CE68}.Debug|x64.ActiveCfg = Debug|x64
		{226A0938-D2A4-47E3-A3B9-6A820081CE68}.Debug|x64.Build.0 = Debug|x64
		{226A0938-D2A4-47E3-A3B9-6A820081CE68}.Debug|x64.Deploy.0 = Debug|x64
		{226A0938-D2A4-47E3-A3B9-6A820081CE68}.Debug|x86.ActiveCfg = Debug|x86
		{226A0938-D2A4-47E3-A3B9-6A820081CE68}.Debug|x86.Build.0 = Debug|x86
		{226A0938-D2A4-47E3-A3B9-6A820081CE68}.Debug|x86.Deploy.0 = Debug|x86
		{226A0938-D2A4-47E3-A3B9-6A820081CE68}.Release|Any CPU.ActiveCfg = Release|x86
		{226A0938-D2A4-47E3-A3B9-6A820081CE68}.Release|ARM.ActiveCfg = Release|ARM
		{226A0938-D2A4-47E3-A3B9-6A820081CE68}.Release|ARM.Build.0 = Release|ARM
		{226A0938-D2A4-47E3-A3B9-6A820081CE68}.Release|ARM.Deploy.0 = Release|ARM
		{226A0938-D2A4-47E3-A3B9-6A820081CE68}.Release|ARM64.ActiveCfg = Release|ARM64
		{226A0938-D2A4-47E3-A3B9-6A820081CE68}.Release|ARM64.Build.0 = Release|ARM64
		{226A0938-D2A4-47E3-A3B9-6A820081CE68}.Release|ARM64.Deploy.0 = Release|ARM64
		{226A0938-D2A4-47E3-A3B9-6A820081CE68}.Release|iPhone.ActiveCfg = Release|x86
		{226A0938-D2A4-47E3-A3B9-6A820081CE68}.Release|iPhoneSimulator.ActiveCfg = Release|x86
		{226A0938-D2A4-47E3-A3B9-6A820081CE68}.Release|x64.ActiveCfg = Release|x64
		{226A0938-D2A4-47E3-A3B9-6A820081CE68}.Release|x64.Build.0 = Release|x64
		{226A0938-D2A4-47E3-A3B9-6A820081CE68}.Release|x64.Deploy.0 = Release|x64
		{226A0938-D2A4-47E3-A3B9-6A820081CE68}.Release|x86.ActiveCfg = Release|x86
		{226A0938-D2A4-47E3-A3B9-6A820081CE68}.Release|x86.Build.0 = Release|x86
		{226A0938-D2A4-47E3-A3B9-6A820081CE68}.Release|x86.Deploy.0 = Release|x86
		{7B633C19-C9C6-4BCA-B0EB-D5C0899AB46D}.Ad-Hoc|Any CPU.ActiveCfg = Debug|Any CPU
		{7B633C19-C9C6-4BCA-B0EB-D5C0899AB46D}.Ad-Hoc|Any CPU.Build.0 = Debug|Any CPU
		{7B633C19-C9C6-4BCA-B0EB-D5C0899AB46D}.Ad-Hoc|ARM.ActiveCfg = Debug|Any CPU
		{7B633C19-C9C6-4BCA-B0EB-D5C0899AB46D}.Ad-Hoc|ARM.Build.0 = Debug|Any CPU
		{7B633C19-C9C6-4BCA-B0EB-D5C0899AB46D}.Ad-Hoc|ARM64.ActiveCfg = Debug|Any CPU
		{7B633C19-C9C6-4BCA-B0EB-D5C0899AB46D}.Ad-Hoc|ARM64.Build.0 = Debug|Any CPU
		{7B633C19-C9C6-4BCA-B0EB-D5C0899AB46D}.Ad-Hoc|iPhone.ActiveCfg = Debug|Any CPU
		{7B633C19-C9C6-4BCA-B0EB-D5C0899AB46D}.Ad-Hoc|iPhone.Build.0 = Debug|Any CPU
		{7B633C19-C9C6-4BCA-B0EB-D5C0899AB46D}.Ad-Hoc|iPhoneSimulator.ActiveCfg = Debug|Any CPU
		{7B633C19-C9C6-4BCA-B0EB-D5C0899AB46D}.Ad-Hoc|iPhoneSimulator.Build.0 = Debug|Any CPU
		{7B633C19-C9C6-4BCA-B0EB-D5C0899AB46D}.Ad-Hoc|x64.ActiveCfg = Debug|Any CPU
		{7B633C19-C9C6-4BCA-B0EB-D5C0899AB46D}.Ad-Hoc|x64.Build.0 = Debug|Any CPU
		{7B633C19-C9C6-4BCA-B0EB-D5C0899AB46D}.Ad-Hoc|x86.ActiveCfg = Debug|Any CPU
		{7B633C19-C9C6-4BCA-B0EB-D5C0899AB46D}.Ad-Hoc|x86.Build.0 = Debug|Any CPU
		{7B633C19-C9C6-4BCA-B0EB-D5C0899AB46D}.AppStore|Any CPU.ActiveCfg = Debug|Any CPU
		{7B633C19-C9C6-4BCA-B0EB-D5C0899AB46D}.AppStore|Any CPU.Build.0 = Debug|Any CPU
		{7B633C19-C9C6-4BCA-B0EB-D5C0899AB46D}.AppStore|ARM.ActiveCfg = Debug|Any CPU
		{7B633C19-C9C6-4BCA-B0EB-D5C0899AB46D}.AppStore|ARM.Build.0 = Debug|Any CPU
		{7B633C19-C9C6-4BCA-B0EB-D5C0899AB46D}.AppStore|ARM64.ActiveCfg = Debug|Any CPU
		{7B633C19-C9C6-4BCA-B0EB-D5C0899AB46D}.AppStore|ARM64.Build.0 = Debug|Any CPU
		{7B633C19-C9C6-4BCA-B0EB-D5C0899AB46D}.AppStore|iPhone.ActiveCfg = Debug|Any CPU
		{7B633C19-C9C6-4BCA-B0EB-D5C0899AB46D}.AppStore|iPhone.Build.0 = Debug|Any CPU
		{7B633C19-C9C6-4BCA-B0EB-D5C0899AB46D}.AppStore|iPhoneSimulator.ActiveCfg = Debug|Any CPU
		{7B633C19-C9C6-4BCA-B0EB-D5C0899AB46D}.AppStore|iPhoneSimulator.Build.0 = Debug|Any CPU
		{7B633C19-C9C6-4BCA-B0EB-D5C0899AB46D}.AppStore|x64.ActiveCfg = Debug|Any CPU
		{7B633C19-C9C6-4BCA-B0EB-D5C0899AB46D}.AppStore|x64.Build.0 = Debug|Any CPU
		{7B633C19-C9C6-4BCA-B0EB-D5C0899AB46D}.AppStore|x86.ActiveCfg = Debug|Any CPU
		{7B633C19-C9C6-4BCA-B0EB-D5C0899AB46D}.AppStore|x86.Build.0 = Debug|Any CPU
		{7B633C19-C9C6-4BCA-B0EB-D5C0899AB46D}.Debug|Any CPU.ActiveCfg = Debug|Any CPU
		{7B633C19-C9C6-4BCA-B0EB-D5C0899AB46D}.Debug|Any CPU.Build.0 = Debug|Any CPU
		{7B633C19-C9C6-4BCA-B0EB-D5C0899AB46D}.Debug|ARM.ActiveCfg = Debug|Any CPU
		{7B633C19-C9C6-4BCA-B0EB-D5C0899AB46D}.Debug|ARM.Build.0 = Debug|Any CPU
		{7B633C19-C9C6-4BCA-B0EB-D5C0899AB46D}.Debug|ARM64.ActiveCfg = Debug|Any CPU
		{7B633C19-C9C6-4BCA-B0EB-D5C0899AB46D}.Debug|ARM64.Build.0 = Debug|Any CPU
		{7B633C19-C9C6-4BCA-B0EB-D5C0899AB46D}.Debug|iPhone.ActiveCfg = Debug|Any CPU
		{7B633C19-C9C6-4BCA-B0EB-D5C0899AB46D}.Debug|iPhone.Build.0 = Debug|Any CPU
		{7B633C19-C9C6-4BCA-B0EB-D5C0899AB46D}.Debug|iPhoneSimulator.ActiveCfg = Debug|Any CPU
		{7B633C19-C9C6-4BCA-B0EB-D5C0899AB46D}.Debug|iPhoneSimulator.Build.0 = Debug|Any CPU
		{7B633C19-C9C6-4BCA-B0EB-D5C0899AB46D}.Debug|x64.ActiveCfg = Debug|Any CPU
		{7B633C19-C9C6-4BCA-B0EB-D5C0899AB46D}.Debug|x64.Build.0 = Debug|Any CPU
		{7B633C19-C9C6-4BCA-B0EB-D5C0899AB46D}.Debug|x86.ActiveCfg = Debug|Any CPU
		{7B633C19-C9C6-4BCA-B0EB-D5C0899AB46D}.Debug|x86.Build.0 = Debug|Any CPU
		{7B633C19-C9C6-4BCA-B0EB-D5C0899AB46D}.Release|Any CPU.ActiveCfg = Release|Any CPU
		{7B633C19-C9C6-4BCA-B0EB-D5C0899AB46D}.Release|Any CPU.Build.0 = Release|Any CPU
		{7B633C19-C9C6-4BCA-B0EB-D5C0899AB46D}.Release|ARM.ActiveCfg = Release|Any CPU
		{7B633C19-C9C6-4BCA-B0EB-D5C0899AB46D}.Release|ARM.Build.0 = Release|Any CPU
		{7B633C19-C9C6-4BCA-B0EB-D5C0899AB46D}.Release|ARM64.ActiveCfg = Release|Any CPU
		{7B633C19-C9C6-4BCA-B0EB-D5C0899AB46D}.Release|ARM64.Build.0 = Release|Any CPU
		{7B633C19-C9C6-4BCA-B0EB-D5C0899AB46D}.Release|iPhone.ActiveCfg = Release|Any CPU
		{7B633C19-C9C6-4BCA-B0EB-D5C0899AB46D}.Release|iPhone.Build.0 = Release|Any CPU
		{7B633C19-C9C6-4BCA-B0EB-D5C0899AB46D}.Release|iPhoneSimulator.ActiveCfg = Release|Any CPU
		{7B633C19-C9C6-4BCA-B0EB-D5C0899AB46D}.Release|iPhoneSimulator.Build.0 = Release|Any CPU
		{7B633C19-C9C6-4BCA-B0EB-D5C0899AB46D}.Release|x64.ActiveCfg = Release|Any CPU
		{7B633C19-C9C6-4BCA-B0EB-D5C0899AB46D}.Release|x64.Build.0 = Release|Any CPU
		{7B633C19-C9C6-4BCA-B0EB-D5C0899AB46D}.Release|x86.ActiveCfg = Release|Any CPU
		{7B633C19-C9C6-4BCA-B0EB-D5C0899AB46D}.Release|x86.Build.0 = Release|Any CPU
		{81223A95-4224-42A3-B90A-5D58F3A0B51B}.Ad-Hoc|Any CPU.ActiveCfg = Release|iPhoneSimulator
		{81223A95-4224-42A3-B90A-5D58F3A0B51B}.Ad-Hoc|Any CPU.Build.0 = Release|iPhoneSimulator
		{81223A95-4224-42A3-B90A-5D58F3A0B51B}.Ad-Hoc|ARM.ActiveCfg = Release|iPhoneSimulator
		{81223A95-4224-42A3-B90A-5D58F3A0B51B}.Ad-Hoc|ARM.Build.0 = Release|iPhoneSimulator
		{81223A95-4224-42A3-B90A-5D58F3A0B51B}.Ad-Hoc|ARM64.ActiveCfg = Release|iPhoneSimulator
		{81223A95-4224-42A3-B90A-5D58F3A0B51B}.Ad-Hoc|ARM64.Build.0 = Release|iPhoneSimulator
		{81223A95-4224-42A3-B90A-5D58F3A0B51B}.Ad-Hoc|iPhone.ActiveCfg = Release|iPhoneSimulator
		{81223A95-4224-42A3-B90A-5D58F3A0B51B}.Ad-Hoc|iPhone.Build.0 = Release|iPhoneSimulator
		{81223A95-4224-42A3-B90A-5D58F3A0B51B}.Ad-Hoc|iPhoneSimulator.ActiveCfg = Release|iPhoneSimulator
		{81223A95-4224-42A3-B90A-5D58F3A0B51B}.Ad-Hoc|iPhoneSimulator.Build.0 = Release|iPhoneSimulator
		{81223A95-4224-42A3-B90A-5D58F3A0B51B}.Ad-Hoc|x64.ActiveCfg = Release|iPhoneSimulator
		{81223A95-4224-42A3-B90A-5D58F3A0B51B}.Ad-Hoc|x64.Build.0 = Release|iPhoneSimulator
		{81223A95-4224-42A3-B90A-5D58F3A0B51B}.Ad-Hoc|x86.ActiveCfg = Release|iPhoneSimulator
		{81223A95-4224-42A3-B90A-5D58F3A0B51B}.Ad-Hoc|x86.Build.0 = Release|iPhoneSimulator
		{81223A95-4224-42A3-B90A-5D58F3A0B51B}.AppStore|Any CPU.ActiveCfg = Release|iPhoneSimulator
		{81223A95-4224-42A3-B90A-5D58F3A0B51B}.AppStore|Any CPU.Build.0 = Release|iPhoneSimulator
		{81223A95-4224-42A3-B90A-5D58F3A0B51B}.AppStore|ARM.ActiveCfg = Release|iPhoneSimulator
		{81223A95-4224-42A3-B90A-5D58F3A0B51B}.AppStore|ARM.Build.0 = Release|iPhoneSimulator
		{81223A95-4224-42A3-B90A-5D58F3A0B51B}.AppStore|ARM64.ActiveCfg = Release|iPhoneSimulator
		{81223A95-4224-42A3-B90A-5D58F3A0B51B}.AppStore|ARM64.Build.0 = Release|iPhoneSimulator
		{81223A95-4224-42A3-B90A-5D58F3A0B51B}.AppStore|iPhone.ActiveCfg = Release|iPhoneSimulator
		{81223A95-4224-42A3-B90A-5D58F3A0B51B}.AppStore|iPhone.Build.0 = Release|iPhoneSimulator
		{81223A95-4224-42A3-B90A-5D58F3A0B51B}.AppStore|iPhoneSimulator.ActiveCfg = Release|iPhoneSimulator
		{81223A95-4224-42A3-B90A-5D58F3A0B51B}.AppStore|iPhoneSimulator.Build.0 = Release|iPhoneSimulator
		{81223A95-4224-42A3-B90A-5D58F3A0B51B}.AppStore|x64.ActiveCfg = Release|iPhoneSimulator
		{81223A95-4224-42A3-B90A-5D58F3A0B51B}.AppStore|x64.Build.0 = Release|iPhoneSimulator
		{81223A95-4224-42A3-B90A-5D58F3A0B51B}.AppStore|x86.ActiveCfg = Release|iPhoneSimulator
		{81223A95-4224-42A3-B90A-5D58F3A0B51B}.AppStore|x86.Build.0 = Release|iPhoneSimulator
		{81223A95-4224-42A3-B90A-5D58F3A0B51B}.Debug|Any CPU.ActiveCfg = Debug|iPhoneSimulator
		{81223A95-4224-42A3-B90A-5D58F3A0B51B}.Debug|ARM.ActiveCfg = Debug|iPhoneSimulator
		{81223A95-4224-42A3-B90A-5D58F3A0B51B}.Debug|ARM64.ActiveCfg = Debug|iPhoneSimulator
		{81223A95-4224-42A3-B90A-5D58F3A0B51B}.Debug|iPhone.ActiveCfg = Debug|iPhoneSimulator
		{81223A95-4224-42A3-B90A-5D58F3A0B51B}.Debug|iPhoneSimulator.ActiveCfg = Debug|iPhoneSimulator
		{81223A95-4224-42A3-B90A-5D58F3A0B51B}.Debug|iPhoneSimulator.Build.0 = Debug|iPhoneSimulator
		{81223A95-4224-42A3-B90A-5D58F3A0B51B}.Debug|x64.ActiveCfg = Debug|iPhoneSimulator
		{81223A95-4224-42A3-B90A-5D58F3A0B51B}.Debug|x86.ActiveCfg = Debug|iPhoneSimulator
		{81223A95-4224-42A3-B90A-5D58F3A0B51B}.Release|Any CPU.ActiveCfg = Release|iPhoneSimulator
		{81223A95-4224-42A3-B90A-5D58F3A0B51B}.Release|ARM.ActiveCfg = Release|iPhoneSimulator
		{81223A95-4224-42A3-B90A-5D58F3A0B51B}.Release|ARM64.ActiveCfg = Release|iPhoneSimulator
		{81223A95-4224-42A3-B90A-5D58F3A0B51B}.Release|iPhone.ActiveCfg = Release|iPhoneSimulator
		{81223A95-4224-42A3-B90A-5D58F3A0B51B}.Release|iPhoneSimulator.ActiveCfg = Release|iPhoneSimulator
		{81223A95-4224-42A3-B90A-5D58F3A0B51B}.Release|iPhoneSimulator.Build.0 = Release|iPhoneSimulator
		{81223A95-4224-42A3-B90A-5D58F3A0B51B}.Release|x64.ActiveCfg = Release|iPhoneSimulator
		{81223A95-4224-42A3-B90A-5D58F3A0B51B}.Release|x86.ActiveCfg = Release|iPhoneSimulator
	EndGlobalSection
	GlobalSection(SolutionProperties) = preSolution
		HideSolutionNode = FALSE
	EndGlobalSection
	GlobalSection(ExtensibilityGlobals) = postSolution
		SolutionGuid = {B445C807-B042-4D77-AB4B-C9A1BB45CA2A}
	EndGlobalSection
EndGlobal
