
Microsoft Visual Studio Solution File, Format Version 12.00
# Visual Studio Version 17
VisualStudioVersion = 17.0.32112.339
MinimumVisualStudioVersion = 10.0.40219.1
Project("{FAE04EC0-301F-11D3-BF4B-00C04F79EFBC}") = "TsubameViewer", "TsubameViewer\TsubameViewer.csproj", "{DC398F89-BA75-4E03-B549-BDDFC0B00833}"
EndProject
Project("{FAE04EC0-301F-11D3-BF4B-00C04F79EFBC}") = "TsubameViewer.Core", "TsubameViewer.Core\TsubameViewer.Core.csproj", "{4296664A-ED8C-4334-BEA3-8C685345441F}"
EndProject
Project("{FAE04EC0-301F-11D3-BF4B-00C04F79EFBC}") = "TsubameViewer.Core.Test", "TsubameViewer.Core.Test\TsubameViewer.Core.Test.csproj", "{74C18F6A-108D-4C7D-AE44-1E8738FA0FAB}"
EndProject
Global
	GlobalSection(SolutionConfigurationPlatforms) = preSolution
		Debug|Any CPU = Debug|Any CPU
		Debug|ARM = Debug|ARM
		Debug|ARM64 = Debug|ARM64
		Debug|x64 = Debug|x64
		Debug|x86 = Debug|x86
		Release|Any CPU = Release|Any CPU
		Release|ARM = Release|ARM
		Release|ARM64 = Release|ARM64
		Release|x64 = Release|x64
		Release|x86 = Release|x86
	EndGlobalSection
	GlobalSection(ProjectConfigurationPlatforms) = postSolution
		{DC398F89-BA75-4E03-B549-BDDFC0B00833}.Debug|Any CPU.ActiveCfg = Debug|x64
		{DC398F89-BA75-4E03-B549-BDDFC0B00833}.Debug|Any CPU.Build.0 = Debug|x64
		{DC398F89-BA75-4E03-B549-BDDFC0B00833}.Debug|Any CPU.Deploy.0 = Debug|x64
		{DC398F89-BA75-4E03-B549-BDDFC0B00833}.Debug|ARM.ActiveCfg = Debug|ARM
		{DC398F89-BA75-4E03-B549-BDDFC0B00833}.Debug|ARM.Build.0 = Debug|ARM
		{DC398F89-BA75-4E03-B549-BDDFC0B00833}.Debug|ARM.Deploy.0 = Debug|ARM
		{DC398F89-BA75-4E03-B549-BDDFC0B00833}.Debug|ARM64.ActiveCfg = Debug|ARM64
		{DC398F89-BA75-4E03-B549-BDDFC0B00833}.Debug|ARM64.Build.0 = Debug|ARM64
		{DC398F89-BA75-4E03-B549-BDDFC0B00833}.Debug|ARM64.Deploy.0 = Debug|ARM64
		{DC398F89-BA75-4E03-B549-BDDFC0B00833}.Debug|x64.ActiveCfg = Debug|x64
		{DC398F89-BA75-4E03-B549-BDDFC0B00833}.Debug|x64.Build.0 = Debug|x64
		{DC398F89-BA75-4E03-B549-BDDFC0B00833}.Debug|x64.Deploy.0 = Debug|x64
		{DC398F89-BA75-4E03-B549-BDDFC0B00833}.Debug|x86.ActiveCfg = Debug|x86
		{DC398F89-BA75-4E03-B549-BDDFC0B00833}.Debug|x86.Build.0 = Debug|x86
		{DC398F89-BA75-4E03-B549-BDDFC0B00833}.Debug|x86.Deploy.0 = Debug|x86
		{DC398F89-BA75-4E03-B549-BDDFC0B00833}.Release|Any CPU.ActiveCfg = Release|x64
		{DC398F89-BA75-4E03-B549-BDDFC0B00833}.Release|Any CPU.Build.0 = Release|x64
		{DC398F89-BA75-4E03-B549-BDDFC0B00833}.Release|Any CPU.Deploy.0 = Release|x64
		{DC398F89-BA75-4E03-B549-BDDFC0B00833}.Release|ARM.ActiveCfg = Release|ARM
		{DC398F89-BA75-4E03-B549-BDDFC0B00833}.Release|ARM.Build.0 = Release|ARM
		{DC398F89-BA75-4E03-B549-BDDFC0B00833}.Release|ARM.Deploy.0 = Release|ARM
		{DC398F89-BA75-4E03-B549-BDDFC0B00833}.Release|ARM64.ActiveCfg = Release|ARM64
		{DC398F89-BA75-4E03-B549-BDDFC0B00833}.Release|ARM64.Build.0 = Release|ARM64
		{DC398F89-BA75-4E03-B549-BDDFC0B00833}.Release|ARM64.Deploy.0 = Release|ARM64
		{DC398F89-BA75-4E03-B549-BDDFC0B00833}.Release|x64.ActiveCfg = Release|x64
		{DC398F89-BA75-4E03-B549-BDDFC0B00833}.Release|x64.Build.0 = Release|x64
		{DC398F89-BA75-4E03-B549-BDDFC0B00833}.Release|x64.Deploy.0 = Release|x64
		{DC398F89-BA75-4E03-B549-BDDFC0B00833}.Release|x86.ActiveCfg = Release|x86
		{DC398F89-BA75-4E03-B549-BDDFC0B00833}.Release|x86.Build.0 = Release|x86
		{DC398F89-BA75-4E03-B549-BDDFC0B00833}.Release|x86.Deploy.0 = Release|x86
		{4296664A-ED8C-4334-BEA3-8C685345441F}.Debug|Any CPU.ActiveCfg = Debug|Any CPU
		{4296664A-ED8C-4334-BEA3-8C685345441F}.Debug|Any CPU.Build.0 = Debug|Any CPU
		{4296664A-ED8C-4334-BEA3-8C685345441F}.Debug|ARM.ActiveCfg = Debug|ARM
		{4296664A-ED8C-4334-BEA3-8C685345441F}.Debug|ARM.Build.0 = Debug|ARM
		{4296664A-ED8C-4334-BEA3-8C685345441F}.Debug|ARM64.ActiveCfg = Debug|ARM64
		{4296664A-ED8C-4334-BEA3-8C685345441F}.Debug|ARM64.Build.0 = Debug|ARM64
		{4296664A-ED8C-4334-BEA3-8C685345441F}.Debug|x64.ActiveCfg = Debug|x64
		{4296664A-ED8C-4334-BEA3-8C685345441F}.Debug|x64.Build.0 = Debug|x64
		{4296664A-ED8C-4334-BEA3-8C685345441F}.Debug|x86.ActiveCfg = Debug|x86
		{4296664A-ED8C-4334-BEA3-8C685345441F}.Debug|x86.Build.0 = Debug|x86
		{4296664A-ED8C-4334-BEA3-8C685345441F}.Release|Any CPU.ActiveCfg = Release|Any CPU
		{4296664A-ED8C-4334-BEA3-8C685345441F}.Release|Any CPU.Build.0 = Release|Any CPU
		{4296664A-ED8C-4334-BEA3-8C685345441F}.Release|ARM.ActiveCfg = Release|ARM
		{4296664A-ED8C-4334-BEA3-8C685345441F}.Release|ARM.Build.0 = Release|ARM
		{4296664A-ED8C-4334-BEA3-8C685345441F}.Release|ARM64.ActiveCfg = Release|ARM64
		{4296664A-ED8C-4334-BEA3-8C685345441F}.Release|ARM64.Build.0 = Release|ARM64
		{4296664A-ED8C-4334-BEA3-8C685345441F}.Release|x64.ActiveCfg = Release|x64
		{4296664A-ED8C-4334-BEA3-8C685345441F}.Release|x64.Build.0 = Release|x64
		{4296664A-ED8C-4334-BEA3-8C685345441F}.Release|x86.ActiveCfg = Release|x86
		{4296664A-ED8C-4334-BEA3-8C685345441F}.Release|x86.Build.0 = Release|x86
		{74C18F6A-108D-4C7D-AE44-1E8738FA0FAB}.Debug|Any CPU.ActiveCfg = Debug|x64
		{74C18F6A-108D-4C7D-AE44-1E8738FA0FAB}.Debug|Any CPU.Build.0 = Debug|x64
		{74C18F6A-108D-4C7D-AE44-1E8738FA0FAB}.Debug|Any CPU.Deploy.0 = Debug|x64
		{74C18F6A-108D-4C7D-AE44-1E8738FA0FAB}.Debug|ARM.ActiveCfg = Debug|ARM
		{74C18F6A-108D-4C7D-AE44-1E8738FA0FAB}.Debug|ARM.Build.0 = Debug|ARM
		{74C18F6A-108D-4C7D-AE44-1E8738FA0FAB}.Debug|ARM.Deploy.0 = Debug|ARM
		{74C18F6A-108D-4C7D-AE44-1E8738FA0FAB}.Debug|ARM64.ActiveCfg = Debug|ARM64
		{74C18F6A-108D-4C7D-AE44-1E8738FA0FAB}.Debug|ARM64.Build.0 = Debug|ARM64
		{74C18F6A-108D-4C7D-AE44-1E8738FA0FAB}.Debug|ARM64.Deploy.0 = Debug|ARM64
		{74C18F6A-108D-4C7D-AE44-1E8738FA0FAB}.Debug|x64.ActiveCfg = Debug|x64
		{74C18F6A-108D-4C7D-AE44-1E8738FA0FAB}.Debug|x86.ActiveCfg = Debug|x86
		{74C18F6A-108D-4C7D-AE44-1E8738FA0FAB}.Debug|x86.Build.0 = Debug|x86
		{74C18F6A-108D-4C7D-AE44-1E8738FA0FAB}.Debug|x86.Deploy.0 = Debug|x86
		{74C18F6A-108D-4C7D-AE44-1E8738FA0FAB}.Release|Any CPU.ActiveCfg = Release|x64
		{74C18F6A-108D-4C7D-AE44-1E8738FA0FAB}.Release|Any CPU.Build.0 = Release|x64
		{74C18F6A-108D-4C7D-AE44-1E8738FA0FAB}.Release|Any CPU.Deploy.0 = Release|x64
		{74C18F6A-108D-4C7D-AE44-1E8738FA0FAB}.Release|ARM.ActiveCfg = Release|ARM
		{74C18F6A-108D-4C7D-AE44-1E8738FA0FAB}.Release|ARM.Build.0 = Release|ARM
		{74C18F6A-108D-4C7D-AE44-1E8738FA0FAB}.Release|ARM.Deploy.0 = Release|ARM
		{74C18F6A-108D-4C7D-AE44-1E8738FA0FAB}.Release|ARM64.ActiveCfg = Release|ARM64
		{74C18F6A-108D-4C7D-AE44-1E8738FA0FAB}.Release|ARM64.Build.0 = Release|ARM64
		{74C18F6A-108D-4C7D-AE44-1E8738FA0FAB}.Release|ARM64.Deploy.0 = Release|ARM64
		{74C18F6A-108D-4C7D-AE44-1E8738FA0FAB}.Release|x64.ActiveCfg = Release|x64
		{74C18F6A-108D-4C7D-AE44-1E8738FA0FAB}.Release|x86.ActiveCfg = Release|x86
		{74C18F6A-108D-4C7D-AE44-1E8738FA0FAB}.Release|x86.Build.0 = Release|x86
		{74C18F6A-108D-4C7D-AE44-1E8738FA0FAB}.Release|x86.Deploy.0 = Release|x86
	EndGlobalSection
	GlobalSection(SolutionProperties) = preSolution
		HideSolutionNode = FALSE
	EndGlobalSection
	GlobalSection(ExtensibilityGlobals) = postSolution
		SolutionGuid = {91ABCFDE-5C06-4B57-B2DD-36981BD4D4DD}
	EndGlobalSection
EndGlobal
